
Microsoft Visual Studio Solution File, Format Version 12.00
# Visual Studio Version 16
VisualStudioVersion = 16.0.33130.400
MinimumVisualStudioVersion = 10.0.40219.1
Project("{FAE04EC0-301F-11D3-BF4B-00C04F79EFBC}") = "lab9", "lab9.csproj", "{268F814F-DE30-4C2F-AD55-BFB4431B484B}"
EndProject
Global
	GlobalSection(SolutionConfigurationPlatforms) = preSolution
		Debug|Any CPU = Debug|Any CPU
		Release|Any CPU = Release|Any CPU
	EndGlobalSection
	GlobalSection(ProjectConfigurationPlatforms) = postSolution
		{268F814F-DE30-4C2F-AD55-BFB4431B484B}.Debug|Any CPU.ActiveCfg = Debug|Any CPU
		{268F814F-DE30-4C2F-AD55-BFB4431B484B}.Debug|Any CPU.Build.0 = Debug|Any CPU
		{268F814F-DE30-4C2F-AD55-BFB4431B484B}.Release|Any CPU.ActiveCfg = Release|Any CPU
		{268F814F-DE30-4C2F-AD55-BFB4431B484B}.Release|Any CPU.Build.0 = Release|Any CPU
	EndGlobalSection
	GlobalSection(SolutionProperties) = preSolution
		HideSolutionNode = FALSE
	EndGlobalSection
	GlobalSection(ExtensibilityGlobals) = postSolution
		SolutionGuid = {0809E6F0-1943-49E8-BD4D-6EC0F63E616B}
	EndGlobalSection
EndGlobal
