
Microsoft Visual Studio Solution File, Format Version 12.00
# Visual Studio Version 16
VisualStudioVersion = 16.0.33130.400
MinimumVisualStudioVersion = 10.0.40219.1
Project("{FAE04EC0-301F-11D3-BF4B-00C04F79EFBC}") = "lab22 fform", "lab22 fform.csproj", "{653C5F54-66BF-44F4-ADF4-69ADFD27997A}"
EndProject
Global
	GlobalSection(SolutionConfigurationPlatforms) = preSolution
		Debug|Any CPU = Debug|Any CPU
		Release|Any CPU = Release|Any CPU
	EndGlobalSection
	GlobalSection(ProjectConfigurationPlatforms) = postSolution
		{653C5F54-66BF-44F4-ADF4-69ADFD27997A}.Debug|Any CPU.ActiveCfg = Debug|Any CPU
		{653C5F54-66BF-44F4-ADF4-69ADFD27997A}.Debug|Any CPU.Build.0 = Debug|Any CPU
		{653C5F54-66BF-44F4-ADF4-69ADFD27997A}.Release|Any CPU.ActiveCfg = Release|Any CPU
		{653C5F54-66BF-44F4-ADF4-69ADFD27997A}.Release|Any CPU.Build.0 = Release|Any CPU
	EndGlobalSection
	GlobalSection(SolutionProperties) = preSolution
		HideSolutionNode = FALSE
	EndGlobalSection
	GlobalSection(ExtensibilityGlobals) = postSolution
		SolutionGuid = {592F7A91-7403-43E0-A4FB-86F3736DEA26}
	EndGlobalSection
EndGlobal
