
Microsoft Visual Studio Solution File, Format Version 12.00
# Visual Studio Version 16
VisualStudioVersion = 16.0.33130.400
MinimumVisualStudioVersion = 10.0.40219.1
Project("{FAE04EC0-301F-11D3-BF4B-00C04F79EFBC}") = "lab 2_v", "lab 2_v.csproj", "{C2EF1954-1505-4B7B-9CE1-CA09BCA736FA}"
EndProject
Global
	GlobalSection(SolutionConfigurationPlatforms) = preSolution
		Debug|Any CPU = Debug|Any CPU
		Release|Any CPU = Release|Any CPU
	EndGlobalSection
	GlobalSection(ProjectConfigurationPlatforms) = postSolution
		{C2EF1954-1505-4B7B-9CE1-CA09BCA736FA}.Debug|Any CPU.ActiveCfg = Debug|Any CPU
		{C2EF1954-1505-4B7B-9CE1-CA09BCA736FA}.Debug|Any CPU.Build.0 = Debug|Any CPU
		{C2EF1954-1505-4B7B-9CE1-CA09BCA736FA}.Release|Any CPU.ActiveCfg = Release|Any CPU
		{C2EF1954-1505-4B7B-9CE1-CA09BCA736FA}.Release|Any CPU.Build.0 = Release|Any CPU
	EndGlobalSection
	GlobalSection(SolutionProperties) = preSolution
		HideSolutionNode = FALSE
	EndGlobalSection
	GlobalSection(ExtensibilityGlobals) = postSolution
		SolutionGuid = {F9FD2303-CDC4-4604-BF50-AFEE41F0A770}
	EndGlobalSection
EndGlobal
